// !$*UTF8*$!
{
	archiveVersion = 1;
	classes = {
	};
	objectVersion = 56;
	objects = {

/* Begin PBXBuildFile section */
		3246890A294A987C00B62F0A /* GitHubAppApp.swift in Sources */ = {isa = PBXBuildFile; fileRef = 32468909294A987C00B62F0A /* GitHubAppApp.swift */; };
		3246890E294A987D00B62F0A /* Assets.xcassets in Resources */ = {isa = PBXBuildFile; fileRef = 3246890D294A987D00B62F0A /* Assets.xcassets */; };
		32468911294A987D00B62F0A /* Preview Assets.xcassets in Resources */ = {isa = PBXBuildFile; fileRef = 32468910294A987D00B62F0A /* Preview Assets.xcassets */; };
		3246891A294A98A800B62F0A /* Query+Extensions.swift in Sources */ = {isa = PBXBuildFile; fileRef = 32468918294A98A800B62F0A /* Query+Extensions.swift */; };
		3246891B294A98A800B62F0A /* View+Extensions.swift in Sources */ = {isa = PBXBuildFile; fileRef = 32468919294A98A800B62F0A /* View+Extensions.swift */; };
		32468920294A98B700B62F0A /* Apollo.swift in Sources */ = {isa = PBXBuildFile; fileRef = 3246891D294A98B700B62F0A /* Apollo.swift */; };
		32468921294A98B700B62F0A /* Queries.graphql in Resources */ = {isa = PBXBuildFile; fileRef = 3246891E294A98B700B62F0A /* Queries.graphql */; };
		32468922294A98B700B62F0A /* API.swift in Sources */ = {isa = PBXBuildFile; fileRef = 3246891F294A98B700B62F0A /* API.swift */; };
		32468927294A98C700B62F0A /* RepositoriesListScreen.swift in Sources */ = {isa = PBXBuildFile; fileRef = 32468925294A98C700B62F0A /* RepositoriesListScreen.swift */; };
		32468928294A98C700B62F0A /* AddRepositoryScreen.swift in Sources */ = {isa = PBXBuildFile; fileRef = 32468926294A98C700B62F0A /* AddRepositoryScreen.swift */; };
		3246892B294A98D100B62F0A /* RepositoryNode.swift in Sources */ = {isa = PBXBuildFile; fileRef = 3246892A294A98D100B62F0A /* RepositoryNode.swift */; };
		3246892E294A98D800B62F0A /* Constants.swift in Sources */ = {isa = PBXBuildFile; fileRef = 3246892D294A98D800B62F0A /* Constants.swift */; };
		32468933294A98DF00B62F0A /* ErrorViewModel.swift in Sources */ = {isa = PBXBuildFile; fileRef = 32468930294A98DF00B62F0A /* ErrorViewModel.swift */; };
		32468934294A98DF00B62F0A /* AddRepositoryViewModel.swift in Sources */ = {isa = PBXBuildFile; fileRef = 32468931294A98DF00B62F0A /* AddRepositoryViewModel.swift */; };
		32468935294A98DF00B62F0A /* RespositoryListViewModel.swift in Sources */ = {isa = PBXBuildFile; fileRef = 32468932294A98DF00B62F0A /* RespositoryListViewModel.swift */; };
		32468938294A98E600B62F0A /* ErrorsView.swift in Sources */ = {isa = PBXBuildFile; fileRef = 32468937294A98E600B62F0A /* ErrorsView.swift */; };
		3246893B294A992600B62F0A /* Apollo in Frameworks */ = {isa = PBXBuildFile; productRef = 3246893A294A992600B62F0A /* Apollo */; };
		3246893D294A992600B62F0A /* ApolloAPI in Frameworks */ = {isa = PBXBuildFile; productRef = 3246893C294A992600B62F0A /* ApolloAPI */; };
		3246893F294A992600B62F0A /* ApolloCodegenLib in Frameworks */ = {isa = PBXBuildFile; productRef = 3246893E294A992600B62F0A /* ApolloCodegenLib */; };
		32468941294A992600B62F0A /* ApolloSQLite in Frameworks */ = {isa = PBXBuildFile; productRef = 32468940294A992600B62F0A /* ApolloSQLite */; };
		32468943294A992600B62F0A /* ApolloUtils in Frameworks */ = {isa = PBXBuildFile; productRef = 32468942294A992600B62F0A /* ApolloUtils */; };
/* End PBXBuildFile section */

/* Begin PBXFileReference section */
		32468906294A987C00B62F0A /* GitHubApp.app */ = {isa = PBXFileReference; explicitFileType = wrapper.application; includeInIndex = 0; path = GitHubApp.app; sourceTree = BUILT_PRODUCTS_DIR; };
		32468909294A987C00B62F0A /* GitHubAppApp.swift */ = {isa = PBXFileReference; lastKnownFileType = sourcecode.swift; path = GitHubAppApp.swift; sourceTree = "<group>"; };
		3246890D294A987D00B62F0A /* Assets.xcassets */ = {isa = PBXFileReference; lastKnownFileType = folder.assetcatalog; path = Assets.xcassets; sourceTree = "<group>"; };
		32468910294A987D00B62F0A /* Preview Assets.xcassets */ = {isa = PBXFileReference; lastKnownFileType = folder.assetcatalog; path = "Preview Assets.xcassets"; sourceTree = "<group>"; };
		32468918294A98A800B62F0A /* Query+Extensions.swift */ = {isa = PBXFileReference; fileEncoding = 4; lastKnownFileType = sourcecode.swift; path = "Query+Extensions.swift"; sourceTree = "<group>"; };
		32468919294A98A800B62F0A /* View+Extensions.swift */ = {isa = PBXFileReference; fileEncoding = 4; lastKnownFileType = sourcecode.swift; path = "View+Extensions.swift"; sourceTree = "<group>"; };
		3246891D294A98B700B62F0A /* Apollo.swift */ = {isa = PBXFileReference; fileEncoding = 4; lastKnownFileType = sourcecode.swift; path = Apollo.swift; sourceTree = "<group>"; };
		3246891E294A98B700B62F0A /* Queries.graphql */ = {isa = PBXFileReference; fileEncoding = 4; lastKnownFileType = text; path = Queries.graphql; sourceTree = "<group>"; };
		3246891F294A98B700B62F0A /* API.swift */ = {isa = PBXFileReference; fileEncoding = 4; lastKnownFileType = sourcecode.swift; path = API.swift; sourceTree = "<group>"; };
		32468925294A98C700B62F0A /* RepositoriesListScreen.swift */ = {isa = PBXFileReference; fileEncoding = 4; lastKnownFileType = sourcecode.swift; path = RepositoriesListScreen.swift; sourceTree = "<group>"; };
		32468926294A98C700B62F0A /* AddRepositoryScreen.swift */ = {isa = PBXFileReference; fileEncoding = 4; lastKnownFileType = sourcecode.swift; path = AddRepositoryScreen.swift; sourceTree = "<group>"; };
		3246892A294A98D100B62F0A /* RepositoryNode.swift */ = {isa = PBXFileReference; fileEncoding = 4; lastKnownFileType = sourcecode.swift; path = RepositoryNode.swift; sourceTree = "<group>"; };
		3246892D294A98D800B62F0A /* Constants.swift */ = {isa = PBXFileReference; fileEncoding = 4; lastKnownFileType = sourcecode.swift; path = Constants.swift; sourceTree = "<group>"; };
		32468930294A98DF00B62F0A /* ErrorViewModel.swift */ = {isa = PBXFileReference; fileEncoding = 4; lastKnownFileType = sourcecode.swift; path = ErrorViewModel.swift; sourceTree = "<group>"; };
		32468931294A98DF00B62F0A /* AddRepositoryViewModel.swift */ = {isa = PBXFileReference; fileEncoding = 4; lastKnownFileType = sourcecode.swift; path = AddRepositoryViewModel.swift; sourceTree = "<group>"; };
		32468932294A98DF00B62F0A /* RespositoryListViewModel.swift */ = {isa = PBXFileReference; fileEncoding = 4; lastKnownFileType = sourcecode.swift; path = RespositoryListViewModel.swift; sourceTree = "<group>"; };
		32468937294A98E600B62F0A /* ErrorsView.swift */ = {isa = PBXFileReference; fileEncoding = 4; lastKnownFileType = sourcecode.swift; path = ErrorsView.swift; sourceTree = "<group>"; };
/* End PBXFileReference section */

/* Begin PBXFrameworksBuildPhase section */
		32468903294A987C00B62F0A /* Frameworks */ = {
			isa = PBXFrameworksBuildPhase;
			buildActionMask = 2147483647;
			files = (
				3246893D294A992600B62F0A /* ApolloAPI in Frameworks */,
				32468943294A992600B62F0A /* ApolloUtils in Frameworks */,
				32468941294A992600B62F0A /* ApolloSQLite in Frameworks */,
				3246893F294A992600B62F0A /* ApolloCodegenLib in Frameworks */,
				3246893B294A992600B62F0A /* Apollo in Frameworks */,
			);
			runOnlyForDeploymentPostprocessing = 0;
		};
/* End PBXFrameworksBuildPhase section */

/* Begin PBXGroup section */
		324688FD294A987C00B62F0A = {
			isa = PBXGroup;
			children = (
				32468908294A987C00B62F0A /* GitHubApp */,
				32468907294A987C00B62F0A /* Products */,
			);
			sourceTree = "<group>";
		};
		32468907294A987C00B62F0A /* Products */ = {
			isa = PBXGroup;
			children = (
				32468906294A987C00B62F0A /* GitHubApp.app */,
			);
			name = Products;
			sourceTree = "<group>";
		};
		32468908294A987C00B62F0A /* GitHubApp */ = {
			isa = PBXGroup;
			children = (
				32468929294A98D100B62F0A /* Protocols */,
				32468923294A98BF00B62F0A /* Models */,
				32468936294A98E600B62F0A /* Views */,
				32468924294A98C700B62F0A /* Pages */,
				3246892F294A98DF00B62F0A /* View Models */,
				3246892C294A98D800B62F0A /* Utils */,
				3246891C294A98B700B62F0A /* GraphQL */,
				32468917294A98A800B62F0A /* Extensions */,
				32468909294A987C00B62F0A /* GitHubAppApp.swift */,
				3246890D294A987D00B62F0A /* Assets.xcassets */,
				3246890F294A987D00B62F0A /* Preview Content */,
			);
			path = GitHubApp;
			sourceTree = "<group>";
		};
		3246890F294A987D00B62F0A /* Preview Content */ = {
			isa = PBXGroup;
			children = (
				32468910294A987D00B62F0A /* Preview Assets.xcassets */,
			);
			path = "Preview Content";
			sourceTree = "<group>";
		};
		32468917294A98A800B62F0A /* Extensions */ = {
			isa = PBXGroup;
			children = (
				32468918294A98A800B62F0A /* Query+Extensions.swift */,
				32468919294A98A800B62F0A /* View+Extensions.swift */,
			);
			path = Extensions;
			sourceTree = "<group>";
		};
		3246891C294A98B700B62F0A /* GraphQL */ = {
			isa = PBXGroup;
			children = (
				3246891D294A98B700B62F0A /* Apollo.swift */,
				3246891E294A98B700B62F0A /* Queries.graphql */,
				3246891F294A98B700B62F0A /* API.swift */,
			);
			path = GraphQL;
			sourceTree = "<group>";
		};
		32468923294A98BF00B62F0A /* Models */ = {
			isa = PBXGroup;
			children = (
			);
			path = Models;
			sourceTree = "<group>";
		};
		32468924294A98C700B62F0A /* Pages */ = {
			isa = PBXGroup;
			children = (
				32468925294A98C700B62F0A /* RepositoriesListScreen.swift */,
				32468926294A98C700B62F0A /* AddRepositoryScreen.swift */,
			);
			path = Pages;
			sourceTree = "<group>";
		};
		32468929294A98D100B62F0A /* Protocols */ = {
			isa = PBXGroup;
			children = (
				3246892A294A98D100B62F0A /* RepositoryNode.swift */,
			);
			path = Protocols;
			sourceTree = "<group>";
		};
		3246892C294A98D800B62F0A /* Utils */ = {
			isa = PBXGroup;
			children = (
				3246892D294A98D800B62F0A /* Constants.swift */,
			);
			path = Utils;
			sourceTree = "<group>";
		};
		3246892F294A98DF00B62F0A /* View Models */ = {
			isa = PBXGroup;
			children = (
				32468930294A98DF00B62F0A /* ErrorViewModel.swift */,
				32468931294A98DF00B62F0A /* AddRepositoryViewModel.swift */,
				32468932294A98DF00B62F0A /* RespositoryListViewModel.swift */,
			);
			path = "View Models";
			sourceTree = "<group>";
		};
		32468936294A98E600B62F0A /* Views */ = {
			isa = PBXGroup;
			children = (
				32468937294A98E600B62F0A /* ErrorsView.swift */,
			);
			path = Views;
			sourceTree = "<group>";
		};
/* End PBXGroup section */

/* Begin PBXNativeTarget section */
		32468905294A987C00B62F0A /* GitHubApp */ = {
			isa = PBXNativeTarget;
			buildConfigurationList = 32468914294A987D00B62F0A /* Build configuration list for PBXNativeTarget "GitHubApp" */;
			buildPhases = (
				32468902294A987C00B62F0A /* Sources */,
				32468903294A987C00B62F0A /* Frameworks */,
				32468904294A987C00B62F0A /* Resources */,
			);
			buildRules = (
			);
			dependencies = (
			);
			name = GitHubApp;
			packageProductDependencies = (
				3246893A294A992600B62F0A /* Apollo */,
				3246893C294A992600B62F0A /* ApolloAPI */,
				3246893E294A992600B62F0A /* ApolloCodegenLib */,
				32468940294A992600B62F0A /* ApolloSQLite */,
				32468942294A992600B62F0A /* ApolloUtils */,
			);
			productName = GitHubApp;
			productReference = 32468906294A987C00B62F0A /* GitHubApp.app */;
			productType = "com.apple.product-type.application";
		};
/* End PBXNativeTarget section */

/* Begin PBXProject section */
		324688FE294A987C00B62F0A /* Project object */ = {
			isa = PBXProject;
			attributes = {
				BuildIndependentTargetsInParallel = 1;
				LastSwiftUpdateCheck = 1410;
				LastUpgradeCheck = 1410;
				TargetAttributes = {
					32468905294A987C00B62F0A = {
						CreatedOnToolsVersion = 14.1;
					};
				};
			};
			buildConfigurationList = 32468901294A987C00B62F0A /* Build configuration list for PBXProject "GitHubApp" */;
			compatibilityVersion = "Xcode 14.0";
			developmentRegion = en;
			hasScannedForEncodings = 0;
			knownRegions = (
				en,
				Base,
			);
			mainGroup = 324688FD294A987C00B62F0A;
			packageReferences = (
				32468939294A992600B62F0A /* XCRemoteSwiftPackageReference "apollo-ios" */,
			);
			productRefGroup = 32468907294A987C00B62F0A /* Products */;
			projectDirPath = "";
			projectRoot = "";
			targets = (
				32468905294A987C00B62F0A /* GitHubApp */,
			);
		};
/* End PBXProject section */

/* Begin PBXResourcesBuildPhase section */
		32468904294A987C00B62F0A /* Resources */ = {
			isa = PBXResourcesBuildPhase;
			buildActionMask = 2147483647;
			files = (
				32468921294A98B700B62F0A /* Queries.graphql in Resources */,
				32468911294A987D00B62F0A /* Preview Assets.xcassets in Resources */,
				3246890E294A987D00B62F0A /* Assets.xcassets in Resources */,
			);
			runOnlyForDeploymentPostprocessing = 0;
		};
/* End PBXResourcesBuildPhase section */

/* Begin PBXSourcesBuildPhase section */
		32468902294A987C00B62F0A /* Sources */ = {
			isa = PBXSourcesBuildPhase;
			buildActionMask = 2147483647;
			files = (
				3246890A294A987C00B62F0A /* GitHubAppApp.swift in Sources */,
				3246891B294A98A800B62F0A /* View+Extensions.swift in Sources */,
				32468927294A98C700B62F0A /* RepositoriesListScreen.swift in Sources */,
				32468935294A98DF00B62F0A /* RespositoryListViewModel.swift in Sources */,
				32468934294A98DF00B62F0A /* AddRepositoryViewModel.swift in Sources */,
				3246891A294A98A800B62F0A /* Query+Extensions.swift in Sources */,
				3246892E294A98D800B62F0A /* Constants.swift in Sources */,
				3246892B294A98D100B62F0A /* RepositoryNode.swift in Sources */,
				32468928294A98C700B62F0A /* AddRepositoryScreen.swift in Sources */,
				32468922294A98B700B62F0A /* API.swift in Sources */,
				32468938294A98E600B62F0A /* ErrorsView.swift in Sources */,
				32468920294A98B700B62F0A /* Apollo.swift in Sources */,
				32468933294A98DF00B62F0A /* ErrorViewModel.swift in Sources */,
			);
			runOnlyForDeploymentPostprocessing = 0;
		};
/* End PBXSourcesBuildPhase section */

/* Begin XCBuildConfiguration section */
		32468912294A987D00B62F0A /* Debug */ = {
			isa = XCBuildConfiguration;
			buildSettings = {
				ALWAYS_SEARCH_USER_PATHS = NO;
				CLANG_ANALYZER_NONNULL = YES;
				CLANG_ANALYZER_NUMBER_OBJECT_CONVERSION = YES_AGGRESSIVE;
				CLANG_CXX_LANGUAGE_STANDARD = "gnu++20";
				CLANG_ENABLE_MODULES = YES;
				CLANG_ENABLE_OBJC_ARC = YES;
				CLANG_ENABLE_OBJC_WEAK = YES;
				CLANG_WARN_BLOCK_CAPTURE_AUTORELEASING = YES;
				CLANG_WARN_BOOL_CONVERSION = YES;
				CLANG_WARN_COMMA = YES;
				CLANG_WARN_CONSTANT_CONVERSION = YES;
				CLANG_WARN_DEPRECATED_OBJC_IMPLEMENTATIONS = YES;
				CLANG_WARN_DIRECT_OBJC_ISA_USAGE = YES_ERROR;
				CLANG_WARN_DOCUMENTATION_COMMENTS = YES;
				CLANG_WARN_EMPTY_BODY = YES;
				CLANG_WARN_ENUM_CONVERSION = YES;
				CLANG_WARN_INFINITE_RECURSION = YES;
				CLANG_WARN_INT_CONVERSION = YES;
				CLANG_WARN_NON_LITERAL_NULL_CONVERSION = YES;
				CLANG_WARN_OBJC_IMPLICIT_RETAIN_SELF = YES;
				CLANG_WARN_OBJC_LITERAL_CONVERSION = YES;
				CLANG_WARN_OBJC_ROOT_CLASS = YES_ERROR;
				CLANG_WARN_QUOTED_INCLUDE_IN_FRAMEWORK_HEADER = YES;
				CLANG_WARN_RANGE_LOOP_ANALYSIS = YES;
				CLANG_WARN_STRICT_PROTOTYPES = YES;
				CLANG_WARN_SUSPICIOUS_MOVE = YES;
				CLANG_WARN_UNGUARDED_AVAILABILITY = YES_AGGRESSIVE;
				CLANG_WARN_UNREACHABLE_CODE = YES;
				CLANG_WARN__DUPLICATE_METHOD_MATCH = YES;
				COPY_PHASE_STRIP = NO;
				DEBUG_INFORMATION_FORMAT = dwarf;
				ENABLE_STRICT_OBJC_MSGSEND = YES;
				ENABLE_TESTABILITY = YES;
				GCC_C_LANGUAGE_STANDARD = gnu11;
				GCC_DYNAMIC_NO_PIC = NO;
				GCC_NO_COMMON_BLOCKS = YES;
				GCC_OPTIMIZATION_LEVEL = 0;
				GCC_PREPROCESSOR_DEFINITIONS = (
					"DEBUG=1",
					"$(inherited)",
				);
				GCC_WARN_64_TO_32_BIT_CONVERSION = YES;
				GCC_WARN_ABOUT_RETURN_TYPE = YES_ERROR;
				GCC_WARN_UNDECLARED_SELECTOR = YES;
				GCC_WARN_UNINITIALIZED_AUTOS = YES_AGGRESSIVE;
				GCC_WARN_UNUSED_FUNCTION = YES;
				GCC_WARN_UNUSED_VARIABLE = YES;
				IPHONEOS_DEPLOYMENT_TARGET = 16.1;
				MTL_ENABLE_DEBUG_INFO = INCLUDE_SOURCE;
				MTL_FAST_MATH = YES;
				ONLY_ACTIVE_ARCH = YES;
				SDKROOT = iphoneos;
				SWIFT_ACTIVE_COMPILATION_CONDITIONS = DEBUG;
				SWIFT_OPTIMIZATION_LEVEL = "-Onone";
			};
			name = Debug;
		};
		32468913294A987D00B62F0A /* Release */ = {
			isa = XCBuildConfiguration;
			buildSettings = {
				ALWAYS_SEARCH_USER_PATHS = NO;
				CLANG_ANALYZER_NONNULL = YES;
				CLANG_ANALYZER_NUMBER_OBJECT_CONVERSION = YES_AGGRESSIVE;
				CLANG_CXX_LANGUAGE_STANDARD = "gnu++20";
				CLANG_ENABLE_MODULES = YES;
				CLANG_ENABLE_OBJC_ARC = YES;
				CLANG_ENABLE_OBJC_WEAK = YES;
				CLANG_WARN_BLOCK_CAPTURE_AUTORELEASING = YES;
				CLANG_WARN_BOOL_CONVERSION = YES;
				CLANG_WARN_COMMA = YES;
				CLANG_WARN_CONSTANT_CONVERSION = YES;
				CLANG_WARN_DEPRECATED_OBJC_IMPLEMENTATIONS = YES;
				CLANG_WARN_DIRECT_OBJC_ISA_USAGE = YES_ERROR;
				CLANG_WARN_DOCUMENTATION_COMMENTS = YES;
				CLANG_WARN_EMPTY_BODY = YES;
				CLANG_WARN_ENUM_CONVERSION = YES;
				CLANG_WARN_INFINITE_RECURSION = YES;
				CLANG_WARN_INT_CONVERSION = YES;
				CLANG_WARN_NON_LITERAL_NULL_CONVERSION = YES;
				CLANG_WARN_OBJC_IMPLICIT_RETAIN_SELF = YES;
				CLANG_WARN_OBJC_LITERAL_CONVERSION = YES;
				CLANG_WARN_OBJC_ROOT_CLASS = YES_ERROR;
				CLANG_WARN_QUOTED_INCLUDE_IN_FRAMEWORK_HEADER = YES;
				CLANG_WARN_RANGE_LOOP_ANALYSIS = YES;
				CLANG_WARN_STRICT_PROTOTYPES = YES;
				CLANG_WARN_SUSPICIOUS_MOVE = YES;
				CLANG_WARN_UNGUARDED_AVAILABILITY = YES_AGGRESSIVE;
				CLANG_WARN_UNREACHABLE_CODE = YES;
				CLANG_WARN__DUPLICATE_METHOD_MATCH = YES;
				COPY_PHASE_STRIP = NO;
				DEBUG_INFORMATION_FORMAT = "dwarf-with-dsym";
				ENABLE_NS_ASSERTIONS = NO;
				ENABLE_STRICT_OBJC_MSGSEND = YES;
				GCC_C_LANGUAGE_STANDARD = gnu11;
				GCC_NO_COMMON_BLOCKS = YES;
				GCC_WARN_64_TO_32_BIT_CONVERSION = YES;
				GCC_WARN_ABOUT_RETURN_TYPE = YES_ERROR;
				GCC_WARN_UNDECLARED_SELECTOR = YES;
				GCC_WARN_UNINITIALIZED_AUTOS = YES_AGGRESSIVE;
				GCC_WARN_UNUSED_FUNCTION = YES;
				GCC_WARN_UNUSED_VARIABLE = YES;
				IPHONEOS_DEPLOYMENT_TARGET = 16.1;
				MTL_ENABLE_DEBUG_INFO = NO;
				MTL_FAST_MATH = YES;
				SDKROOT = iphoneos;
				SWIFT_COMPILATION_MODE = wholemodule;
				SWIFT_OPTIMIZATION_LEVEL = "-O";
				VALIDATE_PRODUCT = YES;
			};
			name = Release;
		};
		32468915294A987D00B62F0A /* Debug */ = {
			isa = XCBuildConfiguration;
			buildSettings = {
				ASSETCATALOG_COMPILER_APPICON_NAME = AppIcon;
				ASSETCATALOG_COMPILER_GLOBAL_ACCENT_COLOR_NAME = AccentColor;
				CODE_SIGN_STYLE = Automatic;
				CURRENT_PROJECT_VERSION = 1;
				DEVELOPMENT_ASSET_PATHS = "\"GitHubApp/Preview Content\"";
				DEVELOPMENT_TEAM = 6PFDWP7X3L;
				ENABLE_PREVIEWS = YES;
				GENERATE_INFOPLIST_FILE = YES;
				INFOPLIST_KEY_UIApplicationSceneManifest_Generation = YES;
				INFOPLIST_KEY_UIApplicationSupportsIndirectInputEvents = YES;
				INFOPLIST_KEY_UILaunchScreen_Generation = YES;
				INFOPLIST_KEY_UISupportedInterfaceOrientations_iPad = "UIInterfaceOrientationPortrait UIInterfaceOrientationPortraitUpsideDown UIInterfaceOrientationLandscapeLeft UIInterfaceOrientationLandscapeRight";
				INFOPLIST_KEY_UISupportedInterfaceOrientations_iPhone = "UIInterfaceOrientationPortrait UIInterfaceOrientationLandscapeLeft UIInterfaceOrientationLandscapeRight";
				LD_RUNPATH_SEARCH_PATHS = (
					"$(inherited)",
					"@executable_path/Frameworks",
				);
				MARKETING_VERSION = 1.0;
				PRODUCT_BUNDLE_IDENTIFIER = com.manar.GitHubApp;
				PRODUCT_NAME = "$(TARGET_NAME)";
				SWIFT_EMIT_LOC_STRINGS = YES;
				SWIFT_VERSION = 5.0;
				TARGETED_DEVICE_FAMILY = "1,2";
			};
			name = Debug;
		};
		32468916294A987D00B62F0A /* Release */ = {
			isa = XCBuildConfiguration;
			buildSettings = {
				ASSETCATALOG_COMPILER_APPICON_NAME = AppIcon;
				ASSETCATALOG_COMPILER_GLOBAL_ACCENT_COLOR_NAME = AccentColor;
				CODE_SIGN_STYLE = Automatic;
				CURRENT_PROJECT_VERSION = 1;
				DEVELOPMENT_ASSET_PATHS = "\"GitHubApp/Preview Content\"";
				DEVELOPMENT_TEAM = 6PFDWP7X3L;
				ENABLE_PREVIEWS = YES;
				GENERATE_INFOPLIST_FILE = YES;
				INFOPLIST_KEY_UIApplicationSceneManifest_Generation = YES;
				INFOPLIST_KEY_UIApplicationSupportsIndirectInputEvents = YES;
				INFOPLIST_KEY_UILaunchScreen_Generation = YES;
				INFOPLIST_KEY_UISupportedInterfaceOrientations_iPad = "UIInterfaceOrientationPortrait UIInterfaceOrientationPortraitUpsideDown UIInterfaceOrientationLandscapeLeft UIInterfaceOrientationLandscapeRight";
				INFOPLIST_KEY_UISupportedInterfaceOrientations_iPhone = "UIInterfaceOrientationPortrait UIInterfaceOrientationLandscapeLeft UIInterfaceOrientationLandscapeRight";
				LD_RUNPATH_SEARCH_PATHS = (
					"$(inherited)",
					"@executable_path/Frameworks",
				);
				MARKETING_VERSION = 1.0;
				PRODUCT_BUNDLE_IDENTIFIER = com.manar.GitHubApp;
				PRODUCT_NAME = "$(TARGET_NAME)";
				SWIFT_EMIT_LOC_STRINGS = YES;
				SWIFT_VERSION = 5.0;
				TARGETED_DEVICE_FAMILY = "1,2";
			};
			name = Release;
		};
/* End XCBuildConfiguration section */

/* Begin XCConfigurationList section */
		32468901294A987C00B62F0A /* Build configuration list for PBXProject "GitHubApp" */ = {
			isa = XCConfigurationList;
			buildConfigurations = (
				32468912294A987D00B62F0A /* Debug */,
				32468913294A987D00B62F0A /* Release */,
			);
			defaultConfigurationIsVisible = 0;
			defaultConfigurationName = Release;
		};
		32468914294A987D00B62F0A /* Build configuration list for PBXNativeTarget "GitHubApp" */ = {
			isa = XCConfigurationList;
			buildConfigurations = (
				32468915294A987D00B62F0A /* Debug */,
				32468916294A987D00B62F0A /* Release */,
			);
			defaultConfigurationIsVisible = 0;
			defaultConfigurationName = Release;
		};
/* End XCConfigurationList section */

/* Begin XCRemoteSwiftPackageReference section */
		32468939294A992600B62F0A /* XCRemoteSwiftPackageReference "apollo-ios" */ = {
			isa = XCRemoteSwiftPackageReference;
			repositoryURL = "https://github.com/apollographql/apollo-ios.git";
			requirement = {
				kind = upToNextMajorVersion;
				minimumVersion = 0.9.5;
			};
		};
/* End XCRemoteSwiftPackageReference section */

/* Begin XCSwiftPackageProductDependency section */
		3246893A294A992600B62F0A /* Apollo */ = {
			isa = XCSwiftPackageProductDependency;
			package = 32468939294A992600B62F0A /* XCRemoteSwiftPackageReference "apollo-ios" */;
			productName = Apollo;
		};
		3246893C294A992600B62F0A /* ApolloAPI */ = {
			isa = XCSwiftPackageProductDependency;
			package = 32468939294A992600B62F0A /* XCRemoteSwiftPackageReference "apollo-ios" */;
			productName = ApolloAPI;
		};
		3246893E294A992600B62F0A /* ApolloCodegenLib */ = {
			isa = XCSwiftPackageProductDependency;
			package = 32468939294A992600B62F0A /* XCRemoteSwiftPackageReference "apollo-ios" */;
			productName = ApolloCodegenLib;
		};
		32468940294A992600B62F0A /* ApolloSQLite */ = {
			isa = XCSwiftPackageProductDependency;
			package = 32468939294A992600B62F0A /* XCRemoteSwiftPackageReference "apollo-ios" */;
			productName = ApolloSQLite;
		};
		32468942294A992600B62F0A /* ApolloUtils */ = {
			isa = XCSwiftPackageProductDependency;
			package = 32468939294A992600B62F0A /* XCRemoteSwiftPackageReference "apollo-ios" */;
			productName = ApolloUtils;
		};
/* End XCSwiftPackageProductDependency section */
	};
	rootObject = 324688FE294A987C00B62F0A /* Project object */;
}
